
Microsoft Visual Studio Solution File, Format Version 12.00
# Visual Studio Version 17
VisualStudioVersion = 17.13.35931.197 d17.13
MinimumVisualStudioVersion = 10.0.40219.1
Project("{FAE04EC0-301F-11D3-BF4B-00C04F79EFBC}") = "Prueba_Myper", "Prueba_Myper\Prueba_Myper.csproj", "{C2930B6F-4111-44B9-AF1F-50FCBE34B4CC}"
EndProject
Global
	GlobalSection(SolutionConfigurationPlatforms) = preSolution
		Debug|Any CPU = Debug|Any CPU
		Release|Any CPU = Release|Any CPU
	EndGlobalSection
	GlobalSection(ProjectConfigurationPlatforms) = postSolution
		{C2930B6F-4111-44B9-AF1F-50FCBE34B4CC}.Debug|Any CPU.ActiveCfg = Debug|Any CPU
		{C2930B6F-4111-44B9-AF1F-50FCBE34B4CC}.Debug|Any CPU.Build.0 = Debug|Any CPU
		{C2930B6F-4111-44B9-AF1F-50FCBE34B4CC}.Release|Any CPU.ActiveCfg = Release|Any CPU
		{C2930B6F-4111-44B9-AF1F-50FCBE34B4CC}.Release|Any CPU.Build.0 = Release|Any CPU
	EndGlobalSection
	GlobalSection(SolutionProperties) = preSolution
		HideSolutionNode = FALSE
	EndGlobalSection
	GlobalSection(ExtensibilityGlobals) = postSolution
		SolutionGuid = {F1A2C284-E01B-4A34-A1A5-50A40C234976}
	EndGlobalSection
EndGlobal
